
Microsoft Visual Studio Solution File, Format Version 12.00
# Visual Studio Version 17
VisualStudioVersion = 17.10.34916.146
MinimumVisualStudioVersion = 10.0.40219.1
Project("{FAE04EC0-301F-11D3-BF4B-00C04F79EFBC}") = "Assessment-1", "Assessment-1.csproj", "{18191468-4D37-4E3E-83F6-617571DD05A0}"
EndProject
Global
	GlobalSection(SolutionConfigurationPlatforms) = preSolution
		Debug|Any CPU = Debug|Any CPU
		Release|Any CPU = Release|Any CPU
	EndGlobalSection
	GlobalSection(ProjectConfigurationPlatforms) = postSolution
		{18191468-4D37-4E3E-83F6-617571DD05A0}.Debug|Any CPU.ActiveCfg = Debug|Any CPU
		{18191468-4D37-4E3E-83F6-617571DD05A0}.Debug|Any CPU.Build.0 = Debug|Any CPU
		{18191468-4D37-4E3E-83F6-617571DD05A0}.Release|Any CPU.ActiveCfg = Release|Any CPU
		{18191468-4D37-4E3E-83F6-617571DD05A0}.Release|Any CPU.Build.0 = Release|Any CPU
	EndGlobalSection
	GlobalSection(SolutionProperties) = preSolution
		HideSolutionNode = FALSE
	EndGlobalSection
	GlobalSection(ExtensibilityGlobals) = postSolution
		SolutionGuid = {4C86DF22-E722-4C79-9B19-BD4FA80801C4}
	EndGlobalSection
EndGlobal
