
Microsoft Visual Studio Solution File, Format Version 12.00
# Visual Studio Version 17
VisualStudioVersion = 17.10.34916.146
MinimumVisualStudioVersion = 10.0.40219.1
Project("{FAE04EC0-301F-11D3-BF4B-00C04F79EFBC}") = "Assessment-1", "Assessment-1.csproj", "{DD0C12B6-BF2E-4FA8-9E94-2642B5A79568}"
EndProject
Global
	GlobalSection(SolutionConfigurationPlatforms) = preSolution
		Debug|Any CPU = Debug|Any CPU
		Release|Any CPU = Release|Any CPU
	EndGlobalSection
	GlobalSection(ProjectConfigurationPlatforms) = postSolution
		{DD0C12B6-BF2E-4FA8-9E94-2642B5A79568}.Debug|Any CPU.ActiveCfg = Debug|Any CPU
		{DD0C12B6-BF2E-4FA8-9E94-2642B5A79568}.Debug|Any CPU.Build.0 = Debug|Any CPU
		{DD0C12B6-BF2E-4FA8-9E94-2642B5A79568}.Release|Any CPU.ActiveCfg = Release|Any CPU
		{DD0C12B6-BF2E-4FA8-9E94-2642B5A79568}.Release|Any CPU.Build.0 = Release|Any CPU
	EndGlobalSection
	GlobalSection(SolutionProperties) = preSolution
		HideSolutionNode = FALSE
	EndGlobalSection
	GlobalSection(ExtensibilityGlobals) = postSolution
		SolutionGuid = {7D12ACB0-F5E4-448D-B5AA-483D8A446814}
	EndGlobalSection
EndGlobal
