
Microsoft Visual Studio Solution File, Format Version 12.00
# Visual Studio Version 17
VisualStudioVersion = 17.9.34728.123
MinimumVisualStudioVersion = 10.0.40219.1
Project("{9A19103F-16F7-4668-BE54-9A1E7A4F7556}") = "Assignment-2", "Assignment-2.csproj", "{DD97D06D-19DC-4528-A3EF-F9FE079CA555}"
EndProject
Project("{FAE04EC0-301F-11D3-BF4B-00C04F79EFBC}") = "Assignment-2.Tests", "..\Assignment-2.Tests\Assignment-2.Tests.csproj", "{5CE8A507-6734-4BED-8A83-EDC5C78129DA}"
EndProject
Global
	GlobalSection(SolutionConfigurationPlatforms) = preSolution
		Debug|Any CPU = Debug|Any CPU
		Release|Any CPU = Release|Any CPU
	EndGlobalSection
	GlobalSection(ProjectConfigurationPlatforms) = postSolution
		{DD97D06D-19DC-4528-A3EF-F9FE079CA555}.Debug|Any CPU.ActiveCfg = Debug|Any CPU
		{DD97D06D-19DC-4528-A3EF-F9FE079CA555}.Debug|Any CPU.Build.0 = Debug|Any CPU
		{DD97D06D-19DC-4528-A3EF-F9FE079CA555}.Release|Any CPU.ActiveCfg = Release|Any CPU
		{DD97D06D-19DC-4528-A3EF-F9FE079CA555}.Release|Any CPU.Build.0 = Release|Any CPU
		{5CE8A507-6734-4BED-8A83-EDC5C78129DA}.Debug|Any CPU.ActiveCfg = Debug|Any CPU
		{5CE8A507-6734-4BED-8A83-EDC5C78129DA}.Debug|Any CPU.Build.0 = Debug|Any CPU
		{5CE8A507-6734-4BED-8A83-EDC5C78129DA}.Release|Any CPU.ActiveCfg = Release|Any CPU
		{5CE8A507-6734-4BED-8A83-EDC5C78129DA}.Release|Any CPU.Build.0 = Release|Any CPU
	EndGlobalSection
	GlobalSection(SolutionProperties) = preSolution
		HideSolutionNode = FALSE
	EndGlobalSection
	GlobalSection(ExtensibilityGlobals) = postSolution
		SolutionGuid = {57621485-81DF-4D14-8127-FC629BB5AAF6}
	EndGlobalSection
EndGlobal
