
Microsoft Visual Studio Solution File, Format Version 12.00
# Visual Studio Version 17
VisualStudioVersion = 17.9.34728.123
MinimumVisualStudioVersion = 10.0.40219.1
Project("{FAE04EC0-301F-11D3-BF4B-00C04F79EFBC}") = "Homework-6", "Homework-6.csproj", "{B07D6D4B-3DB0-4179-A222-B5417FDB3923}"
EndProject
Global
	GlobalSection(SolutionConfigurationPlatforms) = preSolution
		Debug|Any CPU = Debug|Any CPU
		Release|Any CPU = Release|Any CPU
	EndGlobalSection
	GlobalSection(ProjectConfigurationPlatforms) = postSolution
		{B07D6D4B-3DB0-4179-A222-B5417FDB3923}.Debug|Any CPU.ActiveCfg = Debug|Any CPU
		{B07D6D4B-3DB0-4179-A222-B5417FDB3923}.Debug|Any CPU.Build.0 = Debug|Any CPU
		{B07D6D4B-3DB0-4179-A222-B5417FDB3923}.Release|Any CPU.ActiveCfg = Release|Any CPU
		{B07D6D4B-3DB0-4179-A222-B5417FDB3923}.Release|Any CPU.Build.0 = Release|Any CPU
	EndGlobalSection
	GlobalSection(SolutionProperties) = preSolution
		HideSolutionNode = FALSE
	EndGlobalSection
	GlobalSection(ExtensibilityGlobals) = postSolution
		SolutionGuid = {5635BB0D-56E3-4FCE-93B2-7CB54A7697EE}
	EndGlobalSection
EndGlobal
